{
  "name": "Digital kids",
  "lockfileVersion": 3,
  "requires": true,
  "packages": {
    "": {
      "devDependencies": {
        "@types/swiper": "^6.0.0"
      }
    },
    "node_modules/@types/swiper": {
      "version": "6.0.0",
      "resolved": "https://registry.npmjs.org/@types/swiper/-/swiper-6.0.0.tgz",
      "integrity": "sha512-QPZRgxZ+ivXXtzV43B3LxpXUIC7FE/EoKM+rtxngmgt2M7eeUYypZhyqZD8UxJtlBcUDw/ATGoVeSNpvBBrz2w==",
      "deprecated": "This is a stub types definition. swiper provides its own type definitions, so you do not need this installed.",
      "dev": true,
      "dependencies": {
        "swiper": "*"
      }
    },
    "node_modules/swiper": {
      "version": "11.0.6",
      "resolved": "https://registry.npmjs.org/swiper/-/swiper-11.0.6.tgz",
      "integrity": "sha512-W/Me7MQl5rNgdM5x9i3Gll76WsyVpnHn91GhBOyL7RCFUeg62aVnflzlVfIpXzZ/87FtJOfAoDH79ZH2Yq76zA==",
      "dev": true,
      "funding": [
        {
          "type": "patreon",
          "url": "https://www.patreon.com/swiperjs"
        },
        {
          "type": "open_collective",
          "url": "http://opencollective.com/swiper"
        }
      ],
      "engines": {
        "node": ">= 4.7.0"
      }
    }
  }
}
